// !$*UTF8*$!
{
	archiveVersion = 1;
	classes = {
	};
	objectVersion = 48;
	objects = {

/* Begin PBXBuildFile section */
		4D3742812355C366003380D0 /* ENAProperties.cpp in Sources */ = {isa = PBXBuildFile; fileRef = 4D3742802355C366003380D0 /* ENAProperties.cpp */; };
		4D3E4D03250F7F9C003990EC /* ENALogs.hpp in Headers */ = {isa = PBXBuildFile; fileRef = 4D3E4D02250F7F9B003990EC /* ENALogs.hpp */; };
		4D3E4D05250F80A5003990EC /* ENATime.hpp in Headers */ = {isa = PBXBuildFile; fileRef = 4D3E4D04250F80A5003990EC /* ENATime.hpp */; };
		4D3E4D07250F8125003990EC /* ENATask.hpp in Headers */ = {isa = PBXBuildFile; fileRef = 4D3E4D06250F8125003990EC /* ENATask.hpp */; };
		4D3E4D09250F8153003990EC /* ENATask.cpp in Sources */ = {isa = PBXBuildFile; fileRef = 4D3E4D08250F8153003990EC /* ENATask.cpp */; };
		4D3E4D0B250F9FC1003990EC /* ENAUtils.hpp in Headers */ = {isa = PBXBuildFile; fileRef = 4D3E4D0A250F9FC1003990EC /* ENAUtils.hpp */; };
		4D3E4D0D250F9FD5003990EC /* ENARings.hpp in Headers */ = {isa = PBXBuildFile; fileRef = 4D3E4D0C250F9FD5003990EC /* ENARings.hpp */; };
		4D3E4D0F250F9FF7003990EC /* ENAUtils.cpp in Sources */ = {isa = PBXBuildFile; fileRef = 4D3E4D0E250F9FF7003990EC /* ENAUtils.cpp */; };
		4D3E4D13251082BE003990EC /* ENARings.cpp in Sources */ = {isa = PBXBuildFile; fileRef = 4D3E4D12251082BE003990EC /* ENARings.cpp */; };
		4D42D4DC1FD0733600E57C6F /* ENA.hpp in Headers */ = {isa = PBXBuildFile; fileRef = 4D42D4DB1FD0733600E57C6F /* ENA.hpp */; };
		4D42D4DE1FD0733600E57C6F /* ENA.cpp in Sources */ = {isa = PBXBuildFile; fileRef = 4D42D4DD1FD0733600E57C6F /* ENA.cpp */; };
		4D870A442355C429004AEBBA /* ENAProperties.hpp in Headers */ = {isa = PBXBuildFile; fileRef = 4D37427E2355C35D003380D0 /* ENAProperties.hpp */; };
		4D44C9E420FCA53700F8EEC5 /* ENAParallelOutputQueue.cpp in Sources */ = {isa = PBXBuildFile; fileRef = 4D44C9E320FCA53700F8EEC5 /* ENAParallelOutputQueue.cpp */; };
		4D5C0414220ABF5600CA464C /* ENAParallelOutputQueue.hpp in Headers */ = {isa = PBXBuildFile; fileRef = 4D5C0413220ABF5600CA464C /* ENAParallelOutputQueue.hpp */; };
		4D5C0406220ABDD600CA464C /* ENAHash.cpp in Sources */ = {isa = PBXBuildFile; fileRef = 4D5C0405220ABDD600CA464C /* ENAHash.cpp */; };
		4D5C0408220ABDF300CA464C /* ENAHash.hpp in Headers */ = {isa = PBXBuildFile; fileRef = 4D5C0407220ABDF300CA464C /* ENAHash.hpp */; };
		4D5C040A220ABDFC00CA464C /* ENANaiveHash.cpp in Sources */ = {isa = PBXBuildFile; fileRef = 4D5C0409220ABDFC00CA464C /* ENANaiveHash.cpp */; };
		4D5C040C220ABE0600CA464C /* ENANaiveHash.hpp in Headers */ = {isa = PBXBuildFile; fileRef = 4D5C040B220ABE0600CA464C /* ENANaiveHash.hpp */; };
		4D5C040E220ABE0F00CA464C /* ENAToeplitzHash.cpp in Sources */ = {isa = PBXBuildFile; fileRef = 4D5C040D220ABE0F00CA464C /* ENAToeplitzHash.cpp */; };
		4D5C0410220ABE1E00CA464C /* ENAToeplitzHash.hpp in Headers */ = {isa = PBXBuildFile; fileRef = 4D5C040F220ABE1E00CA464C /* ENAToeplitzHash.hpp */; };
		4DFEFBB4202B6AB600FFFD93 /* ena_com.c in Sources */ = {isa = PBXBuildFile; fileRef = 4DFEFBB1202B6AB600FFFD93 /* ena_com.c */; };
		4DFEFBB5202B6AB600FFFD93 /* ena_eth_com.c in Sources */ = {isa = PBXBuildFile; fileRef = 4DFEFBB2202B6AB600FFFD93 /* ena_eth_com.c */; };
		4DFEFBBA202B6B1E00FFFD93 /* ena_plat.h in Headers */ = {isa = PBXBuildFile; fileRef = 4DFEFBB6202B6B1E00FFFD93 /* ena_plat.h */; settings = {ATTRIBUTES = (Private, ); }; };
		4DFEFBBB202B6B1E00FFFD93 /* ena_com.h in Headers */ = {isa = PBXBuildFile; fileRef = 4DFEFBB7202B6B1E00FFFD93 /* ena_com.h */; settings = {ATTRIBUTES = (Private, ); }; };
		4DFEFBBC202B6B1E00FFFD93 /* ena_eth_com.h in Headers */ = {isa = PBXBuildFile; fileRef = 4DFEFBB8202B6B1E00FFFD93 /* ena_eth_com.h */; settings = {ATTRIBUTES = (Private, ); }; };
		4DFEFBBD202B6B1E00FFFD93 /* ena_plat_macos.h in Headers */ = {isa = PBXBuildFile; fileRef = 4DFEFBB9202B6B1E00FFFD93 /* ena_plat_macos.h */; };
		4DFEFBC6202B6B4900FFFD93 /* ena_gen_info.h in Headers */ = {isa = PBXBuildFile; fileRef = 4DFEFBBE202B6B4900FFFD93 /* ena_gen_info.h */; settings = {ATTRIBUTES = (Private, ); }; };
		4DFEFBC7202B6B4900FFFD93 /* ena_common_defs.h in Headers */ = {isa = PBXBuildFile; fileRef = 4DFEFBBF202B6B4900FFFD93 /* ena_common_defs.h */; settings = {ATTRIBUTES = (Private, ); }; };
		4DFEFBC8202B6B4900FFFD93 /* ena_admin_defs.h in Headers */ = {isa = PBXBuildFile; fileRef = 4DFEFBC0202B6B4900FFFD93 /* ena_admin_defs.h */; settings = {ATTRIBUTES = (Private, ); }; };
		4DFEFBCB202B6B4A00FFFD93 /* ena_eth_io_defs.h in Headers */ = {isa = PBXBuildFile; fileRef = 4DFEFBC3202B6B4900FFFD93 /* ena_eth_io_defs.h */; settings = {ATTRIBUTES = (Private, ); }; };
		4DFEFBCC202B6B4A00FFFD93 /* ena_includes.h in Headers */ = {isa = PBXBuildFile; fileRef = 4DFEFBC4202B6B4900FFFD93 /* ena_includes.h */; settings = {ATTRIBUTES = (Private, ); }; };
		4DFEFBCD202B6B4A00FFFD93 /* ena_regs_defs.h in Headers */ = {isa = PBXBuildFile; fileRef = 4DFEFBC5202B6B4900FFFD93 /* ena_regs_defs.h */; settings = {ATTRIBUTES = (Private, ); }; };
/* End PBXBuildFile section */

/* Begin PBXFileReference section */
		4D37427E2355C35D003380D0 /* ENAProperties.hpp */ = {isa = PBXFileReference; lastKnownFileType = sourcecode.cpp.h; path = ENAProperties.hpp; sourceTree = "<group>"; };
		4D3742802355C366003380D0 /* ENAProperties.cpp */ = {isa = PBXFileReference; lastKnownFileType = sourcecode.cpp.cpp; path = ENAProperties.cpp; sourceTree = "<group>"; };
		4D3E4D02250F7F9B003990EC /* ENALogs.hpp */ = {isa = PBXFileReference; lastKnownFileType = sourcecode.cpp.h; path = ENALogs.hpp; sourceTree = "<group>"; };
		4D3E4D04250F80A5003990EC /* ENATime.hpp */ = {isa = PBXFileReference; lastKnownFileType = sourcecode.cpp.h; path = ENATime.hpp; sourceTree = "<group>"; };
		4D3E4D06250F8125003990EC /* ENATask.hpp */ = {isa = PBXFileReference; lastKnownFileType = sourcecode.cpp.h; path = ENATask.hpp; sourceTree = "<group>"; };
		4D3E4D08250F8153003990EC /* ENATask.cpp */ = {isa = PBXFileReference; lastKnownFileType = sourcecode.cpp.cpp; path = ENATask.cpp; sourceTree = "<group>"; };
		4D3E4D0A250F9FC1003990EC /* ENAUtils.hpp */ = {isa = PBXFileReference; lastKnownFileType = sourcecode.cpp.h; path = ENAUtils.hpp; sourceTree = "<group>"; };
		4D3E4D0C250F9FD5003990EC /* ENARings.hpp */ = {isa = PBXFileReference; lastKnownFileType = sourcecode.cpp.h; path = ENARings.hpp; sourceTree = "<group>"; };
		4D3E4D0E250F9FF7003990EC /* ENAUtils.cpp */ = {isa = PBXFileReference; lastKnownFileType = sourcecode.cpp.cpp; path = ENAUtils.cpp; sourceTree = "<group>"; };
		4D3E4D12251082BE003990EC /* ENARings.cpp */ = {isa = PBXFileReference; lastKnownFileType = sourcecode.cpp.cpp; path = ENARings.cpp; sourceTree = "<group>"; };
		4D42D4D81FD0733600E57C6F /* AmazonENAEthernet.kext */ = {isa = PBXFileReference; explicitFileType = wrapper.cfbundle; includeInIndex = 0; path = AmazonENAEthernet.kext; sourceTree = BUILT_PRODUCTS_DIR; };
		4D42D4DB1FD0733600E57C6F /* ENA.hpp */ = {isa = PBXFileReference; lastKnownFileType = sourcecode.cpp.h; path = ENA.hpp; sourceTree = "<group>"; };
		4D42D4DD1FD0733600E57C6F /* ENA.cpp */ = {isa = PBXFileReference; lastKnownFileType = sourcecode.cpp.cpp; path = ENA.cpp; sourceTree = "<group>"; };
		4D42D4DF1FD0733600E57C6F /* Info.plist */ = {isa = PBXFileReference; lastKnownFileType = text.plist.xml; path = Info.plist; sourceTree = "<group>"; };
		4D44C9E320FCA53700F8EEC5 /* ENAParallelOutputQueue.cpp */ = {isa = PBXFileReference; fileEncoding = 4; lastKnownFileType = sourcecode.cpp.cpp; path = ENAParallelOutputQueue.cpp; sourceTree = "<group>"; };
		4D5C0413220ABF5600CA464C /* ENAParallelOutputQueue.hpp */ = {isa = PBXFileReference; fileEncoding = 4; lastKnownFileType = sourcecode.cpp.h; path = ENAParallelOutputQueue.hpp; sourceTree = "<group>"; };
		4D4B97491FD6EC9D000217B4 /* ena_com */ = {isa = PBXFileReference; lastKnownFileType = folder; path = ena_com; sourceTree = "<group>"; };
		4D5C0405220ABDD600CA464C /* ENAHash.cpp */ = {isa = PBXFileReference; fileEncoding = 4; lastKnownFileType = sourcecode.cpp.cpp; path = ENAHash.cpp; sourceTree = "<group>"; };
		4D5C0407220ABDF300CA464C /* ENAHash.hpp */ = {isa = PBXFileReference; fileEncoding = 4; lastKnownFileType = sourcecode.cpp.h; path = ENAHash.hpp; sourceTree = "<group>"; };
		4D5C0409220ABDFC00CA464C /* ENANaiveHash.cpp */ = {isa = PBXFileReference; fileEncoding = 4; lastKnownFileType = sourcecode.cpp.cpp; path = ENANaiveHash.cpp; sourceTree = "<group>"; };
		4D5C040B220ABE0600CA464C /* ENANaiveHash.hpp */ = {isa = PBXFileReference; fileEncoding = 4; lastKnownFileType = sourcecode.cpp.h; path = ENANaiveHash.hpp; sourceTree = "<group>"; };
		4D5C040D220ABE0F00CA464C /* ENAToeplitzHash.cpp */ = {isa = PBXFileReference; fileEncoding = 4; lastKnownFileType = sourcecode.cpp.cpp; path = ENAToeplitzHash.cpp; sourceTree = "<group>"; };
		4D5C040F220ABE1E00CA464C /* ENAToeplitzHash.hpp */ = {isa = PBXFileReference; fileEncoding = 4; lastKnownFileType = sourcecode.cpp.h; path = ENAToeplitzHash.hpp; sourceTree = "<group>"; };
		4DFEFBB1202B6AB600FFFD93 /* ena_com.c */ = {isa = PBXFileReference; lastKnownFileType = sourcecode.c.c; name = ena_com.c; path = ena_com/ena_com.c; sourceTree = "<group>"; };
		4DFEFBB2202B6AB600FFFD93 /* ena_eth_com.c */ = {isa = PBXFileReference; lastKnownFileType = sourcecode.c.c; name = ena_eth_com.c; path = ena_com/ena_eth_com.c; sourceTree = "<group>"; };
		4DFEFBB6202B6B1E00FFFD93 /* ena_plat.h */ = {isa = PBXFileReference; lastKnownFileType = sourcecode.c.h; name = ena_plat.h; path = ena_com/ena_plat.h; sourceTree = "<group>"; };
		4DFEFBB7202B6B1E00FFFD93 /* ena_com.h */ = {isa = PBXFileReference; lastKnownFileType = sourcecode.c.h; name = ena_com.h; path = ena_com/ena_com.h; sourceTree = "<group>"; };
		4DFEFBB8202B6B1E00FFFD93 /* ena_eth_com.h */ = {isa = PBXFileReference; lastKnownFileType = sourcecode.c.h; name = ena_eth_com.h; path = ena_com/ena_eth_com.h; sourceTree = "<group>"; };
		4DFEFBB9202B6B1E00FFFD93 /* ena_plat_macos.h */ = {isa = PBXFileReference; lastKnownFileType = sourcecode.c.h; name = ena_plat_macos.h; path = ena_com/ena_plat_macos.h; sourceTree = "<group>"; };
		4DFEFBBE202B6B4900FFFD93 /* ena_gen_info.h */ = {isa = PBXFileReference; lastKnownFileType = sourcecode.c.h; name = ena_gen_info.h; path = ena_com/ena_defs/ena_gen_info.h; sourceTree = "<group>"; };
		4DFEFBBF202B6B4900FFFD93 /* ena_common_defs.h */ = {isa = PBXFileReference; lastKnownFileType = sourcecode.c.h; name = ena_common_defs.h; path = ena_com/ena_defs/ena_common_defs.h; sourceTree = "<group>"; };
		4DFEFBC0202B6B4900FFFD93 /* ena_admin_defs.h */ = {isa = PBXFileReference; lastKnownFileType = sourcecode.c.h; name = ena_admin_defs.h; path = ena_com/ena_defs/ena_admin_defs.h; sourceTree = "<group>"; };
		4DFEFBC3202B6B4900FFFD93 /* ena_eth_io_defs.h */ = {isa = PBXFileReference; lastKnownFileType = sourcecode.c.h; name = ena_eth_io_defs.h; path = ena_com/ena_defs/ena_eth_io_defs.h; sourceTree = "<group>"; };
		4DFEFBC4202B6B4900FFFD93 /* ena_includes.h */ = {isa = PBXFileReference; lastKnownFileType = sourcecode.c.h; name = ena_includes.h; path = ena_com/ena_defs/ena_includes.h; sourceTree = "<group>"; };
		4DFEFBC5202B6B4900FFFD93 /* ena_regs_defs.h */ = {isa = PBXFileReference; lastKnownFileType = sourcecode.c.h; name = ena_regs_defs.h; path = ena_com/ena_defs/ena_regs_defs.h; sourceTree = "<group>"; };
/* End PBXFileReference section */

/* Begin PBXFrameworksBuildPhase section */
		4D42D4D41FD0733600E57C6F /* Frameworks */ = {
			isa = PBXFrameworksBuildPhase;
			buildActionMask = 2147483647;
			files = (
			);
			runOnlyForDeploymentPostprocessing = 0;
		};
/* End PBXFrameworksBuildPhase section */

/* Begin PBXGroup section */
		4D42D4CE1FD0733600E57C6F = {
			isa = PBXGroup;
			children = (
				4D3E4D12251082BE003990EC /* ENARings.cpp */,
				4D3E4D0E250F9FF7003990EC /* ENAUtils.cpp */,
				4D3E4D0C250F9FD5003990EC /* ENARings.hpp */,
				4D3E4D0A250F9FC1003990EC /* ENAUtils.hpp */,
				4D3E4D08250F8153003990EC /* ENATask.cpp */,
				4D3E4D06250F8125003990EC /* ENATask.hpp */,
				4D3E4D04250F80A5003990EC /* ENATime.hpp */,
				4D3E4D02250F7F9B003990EC /* ENALogs.hpp */,
				4D5C0413220ABF5600CA464C /* ENAParallelOutputQueue.hpp */,
				4D5C040F220ABE1E00CA464C /* ENAToeplitzHash.hpp */,
				4D5C040D220ABE0F00CA464C /* ENAToeplitzHash.cpp */,
				4D5C040B220ABE0600CA464C /* ENANaiveHash.hpp */,
				4D5C0409220ABDFC00CA464C /* ENANaiveHash.cpp */,
				4D5C0407220ABDF300CA464C /* ENAHash.hpp */,
				4D5C0405220ABDD600CA464C /* ENAHash.cpp */,
				4D44C9E320FCA53700F8EEC5 /* ENAParallelOutputQueue.cpp */,
				4DFEFBC0202B6B4900FFFD93 /* ena_admin_defs.h */,
				4DFEFBBF202B6B4900FFFD93 /* ena_common_defs.h */,
				4DFEFBC3202B6B4900FFFD93 /* ena_eth_io_defs.h */,
				4DFEFBBE202B6B4900FFFD93 /* ena_gen_info.h */,
				4DFEFBC4202B6B4900FFFD93 /* ena_includes.h */,
				4DFEFBC5202B6B4900FFFD93 /* ena_regs_defs.h */,
				4DFEFBB7202B6B1E00FFFD93 /* ena_com.h */,
				4DFEFBB8202B6B1E00FFFD93 /* ena_eth_com.h */,
				4DFEFBB9202B6B1E00FFFD93 /* ena_plat_macos.h */,
				4DFEFBB6202B6B1E00FFFD93 /* ena_plat.h */,
				4DFEFBB1202B6AB600FFFD93 /* ena_com.c */,
				4DFEFBB2202B6AB600FFFD93 /* ena_eth_com.c */,
				4D4B97491FD6EC9D000217B4 /* ena_com */,
				4D42D4DB1FD0733600E57C6F /* ENA.hpp */,
				4D42D4DD1FD0733600E57C6F /* ENA.cpp */,
				4D3742802355C366003380D0 /* ENAProperties.cpp */,
				4D37427E2355C35D003380D0 /* ENAProperties.hpp */,
				4D42D4DF1FD0733600E57C6F /* Info.plist */,
				4D42D4D91FD0733600E57C6F /* Products */,
			);
			sourceTree = "<group>";
			wrapsLines = 0;
		};
		4D42D4D91FD0733600E57C6F /* Products */ = {
			isa = PBXGroup;
			children = (
				4D42D4D81FD0733600E57C6F /* AmazonENAEthernet.kext */,
			);
			name = Products;
			sourceTree = "<group>";
		};
/* End PBXGroup section */

/* Begin PBXHeadersBuildPhase section */
		4D42D4D51FD0733600E57C6F /* Headers */ = {
			isa = PBXHeadersBuildPhase;
			buildActionMask = 2147483647;
			files = (
				4DFEFBBA202B6B1E00FFFD93 /* ena_plat.h in Headers */,
				4D5C040C220ABE0600CA464C /* ENANaiveHash.hpp in Headers */,
				4DFEFBBB202B6B1E00FFFD93 /* ena_com.h in Headers */,
				4DFEFBBC202B6B1E00FFFD93 /* ena_eth_com.h in Headers */,
				4DFEFBC6202B6B4900FFFD93 /* ena_gen_info.h in Headers */,
				4DFEFBC7202B6B4900FFFD93 /* ena_common_defs.h in Headers */,
				4DFEFBC8202B6B4900FFFD93 /* ena_admin_defs.h in Headers */,
				4DFEFBCB202B6B4A00FFFD93 /* ena_eth_io_defs.h in Headers */,
				4DFEFBCC202B6B4A00FFFD93 /* ena_includes.h in Headers */,
				4D3E4D0D250F9FD5003990EC /* ENARings.hpp in Headers */,
				4D3E4D0B250F9FC1003990EC /* ENAUtils.hpp in Headers */,
				4D3E4D07250F8125003990EC /* ENATask.hpp in Headers */,
				4D3E4D05250F80A5003990EC /* ENATime.hpp in Headers */,
				4D3E4D03250F7F9C003990EC /* ENALogs.hpp in Headers */,
				4DFEFBCD202B6B4A00FFFD93 /* ena_regs_defs.h in Headers */,
				4D870A442355C429004AEBBA /* ENAProperties.hpp in Headers */,
				4D5C0414220ABF5600CA464C /* ENAParallelOutputQueue.hpp in Headers */,
				4D5C0408220ABDF300CA464C /* ENAHash.hpp in Headers */,
				4DFEFBBD202B6B1E00FFFD93 /* ena_plat_macos.h in Headers */,
				4D5C0410220ABE1E00CA464C /* ENAToeplitzHash.hpp in Headers */,
				4D42D4DC1FD0733600E57C6F /* ENA.hpp in Headers */,
			);
			runOnlyForDeploymentPostprocessing = 0;
		};
/* End PBXHeadersBuildPhase section */

/* Begin PBXNativeTarget section */
		4D42D4D71FD0733600E57C6F /* AmazonENAEthernet */ = {
			isa = PBXNativeTarget;
			buildConfigurationList = 4D42D4E21FD0733600E57C6F /* Build configuration list for PBXNativeTarget "AmazonENAEthernet" */;
			buildPhases = (
				4D42D4D31FD0733600E57C6F /* Sources */,
				4D42D4D41FD0733600E57C6F /* Frameworks */,
				4D42D4D51FD0733600E57C6F /* Headers */,
				4D42D4D61FD0733600E57C6F /* Resources */,
			);
			buildRules = (
			);
			dependencies = (
			);
			name = AmazonENAEthernet;
			productName = ENA;
			productReference = 4D42D4D81FD0733600E57C6F /* AmazonENAEthernet.kext */;
			productType = "com.apple.product-type.kernel-extension";
		};
/* End PBXNativeTarget section */

/* Begin PBXProject section */
		4D42D4CF1FD0733600E57C6F /* Project object */ = {
			isa = PBXProject;
			attributes = {
				LastUpgradeCheck = 0910;
				ORGANIZATIONNAME = Amazon;
				TargetAttributes = {
					4D42D4D71FD0733600E57C6F = {
						CreatedOnToolsVersion = 9.1;
						ProvisioningStyle = Automatic;
					};
				};
			};
			buildConfigurationList = 4D42D4D21FD0733600E57C6F /* Build configuration list for PBXProject "AmazonENAEthernet" */;
			compatibilityVersion = "Xcode 8.0";
			developmentRegion = en;
			hasScannedForEncodings = 0;
			knownRegions = (
				en,
			);
			mainGroup = 4D42D4CE1FD0733600E57C6F;
			productRefGroup = 4D42D4D91FD0733600E57C6F /* Products */;
			projectDirPath = "";
			projectRoot = "";
			targets = (
				4D42D4D71FD0733600E57C6F /* AmazonENAEthernet */,
			);
		};
/* End PBXProject section */

/* Begin PBXResourcesBuildPhase section */
		4D42D4D61FD0733600E57C6F /* Resources */ = {
			isa = PBXResourcesBuildPhase;
			buildActionMask = 2147483647;
			files = (
			);
			runOnlyForDeploymentPostprocessing = 0;
		};
/* End PBXResourcesBuildPhase section */

/* Begin PBXSourcesBuildPhase section */
		4D42D4D31FD0733600E57C6F /* Sources */ = {
			isa = PBXSourcesBuildPhase;
			buildActionMask = 2147483647;
			files = (
				4D3E4D13251082BE003990EC /* ENARings.cpp in Sources */,
				4D3E4D0F250F9FF7003990EC /* ENAUtils.cpp in Sources */,
				4D3E4D09250F8153003990EC /* ENATask.cpp in Sources */,
				4DFEFBB4202B6AB600FFFD93 /* ena_com.c in Sources */,
				4D5C0406220ABDD600CA464C /* ENAHash.cpp in Sources */,
				4D5C040A220ABDFC00CA464C /* ENANaiveHash.cpp in Sources */,
				4DFEFBB5202B6AB600FFFD93 /* ena_eth_com.c in Sources */,
				4D44C9E420FCA53700F8EEC5 /* ENAParallelOutputQueue.cpp in Sources */,
				4D5C040E220ABE0F00CA464C /* ENAToeplitzHash.cpp in Sources */,
				4D42D4DE1FD0733600E57C6F /* ENA.cpp in Sources */,
				4D3742812355C366003380D0 /* ENAProperties.cpp in Sources */,
			);
			runOnlyForDeploymentPostprocessing = 0;
		};
/* End PBXSourcesBuildPhase section */

/* Begin XCBuildConfiguration section */
		4D42D4E01FD0733600E57C6F /* Debug */ = {
			isa = XCBuildConfiguration;
			buildSettings = {
				ALWAYS_SEARCH_USER_PATHS = NO;
				CLANG_ANALYZER_NONNULL = YES;
				CLANG_ANALYZER_NUMBER_OBJECT_CONVERSION = YES_AGGRESSIVE;
				CLANG_CXX_LANGUAGE_STANDARD = "gnu++14";
				CLANG_CXX_LIBRARY = "libc++";
				CLANG_ENABLE_MODULES = YES;
				CLANG_ENABLE_OBJC_ARC = YES;
				CLANG_WARN_BLOCK_CAPTURE_AUTORELEASING = YES;
				CLANG_WARN_BOOL_CONVERSION = YES;
				CLANG_WARN_COMMA = YES;
				CLANG_WARN_CONSTANT_CONVERSION = YES;
				CLANG_WARN_DIRECT_OBJC_ISA_USAGE = YES_ERROR;
				CLANG_WARN_DOCUMENTATION_COMMENTS = YES;
				CLANG_WARN_EMPTY_BODY = YES;
				CLANG_WARN_ENUM_CONVERSION = YES;
				CLANG_WARN_INFINITE_RECURSION = YES;
				CLANG_WARN_INT_CONVERSION = YES;
				CLANG_WARN_NON_LITERAL_NULL_CONVERSION = YES;
				CLANG_WARN_OBJC_LITERAL_CONVERSION = YES;
				CLANG_WARN_OBJC_ROOT_CLASS = YES_ERROR;
				CLANG_WARN_RANGE_LOOP_ANALYSIS = YES;
				CLANG_WARN_STRICT_PROTOTYPES = YES;
				CLANG_WARN_SUSPICIOUS_MOVE = YES;
				CLANG_WARN_UNGUARDED_AVAILABILITY = YES_AGGRESSIVE;
				CLANG_WARN_UNREACHABLE_CODE = YES;
				CLANG_WARN__DUPLICATE_METHOD_MATCH = YES;
				CODE_SIGN_IDENTITY = "-";
				COPY_PHASE_STRIP = NO;
				DEBUG_INFORMATION_FORMAT = dwarf;
				ENABLE_STRICT_OBJC_MSGSEND = YES;
				ENABLE_TESTABILITY = YES;
				GCC_C_LANGUAGE_STANDARD = gnu11;
				GCC_DYNAMIC_NO_PIC = NO;
				GCC_NO_COMMON_BLOCKS = YES;
				GCC_OPTIMIZATION_LEVEL = 0;
				GCC_PREPROCESSOR_DEFINITIONS = (
					"DEBUG=1",
					"IOASSERT=1",
					"$(inherited)",
				);
				GCC_WARN_64_TO_32_BIT_CONVERSION = YES;
				GCC_WARN_ABOUT_RETURN_TYPE = YES_ERROR;
				GCC_WARN_UNDECLARED_SELECTOR = YES;
				GCC_WARN_UNINITIALIZED_AUTOS = YES_AGGRESSIVE;
				GCC_WARN_UNUSED_FUNCTION = YES;
				GCC_WARN_UNUSED_VARIABLE = YES;
				MACOSX_DEPLOYMENT_TARGET = 10.14;
				MTL_ENABLE_DEBUG_INFO = YES;
				ONLY_ACTIVE_ARCH = YES;
				SDKROOT = macosx;
			};
			name = Debug;
		};
		4D42D4E11FD0733600E57C6F /* Release */ = {
			isa = XCBuildConfiguration;
			buildSettings = {
				ALWAYS_SEARCH_USER_PATHS = NO;
				CLANG_ANALYZER_NONNULL = YES;
				CLANG_ANALYZER_NUMBER_OBJECT_CONVERSION = YES_AGGRESSIVE;
				CLANG_CXX_LANGUAGE_STANDARD = "gnu++14";
				CLANG_CXX_LIBRARY = "libc++";
				CLANG_ENABLE_MODULES = YES;
				CLANG_ENABLE_OBJC_ARC = YES;
				CLANG_WARN_BLOCK_CAPTURE_AUTORELEASING = YES;
				CLANG_WARN_BOOL_CONVERSION = YES;
				CLANG_WARN_COMMA = YES;
				CLANG_WARN_CONSTANT_CONVERSION = YES;
				CLANG_WARN_DIRECT_OBJC_ISA_USAGE = YES_ERROR;
				CLANG_WARN_DOCUMENTATION_COMMENTS = YES;
				CLANG_WARN_EMPTY_BODY = YES;
				CLANG_WARN_ENUM_CONVERSION = YES;
				CLANG_WARN_INFINITE_RECURSION = YES;
				CLANG_WARN_INT_CONVERSION = YES;
				CLANG_WARN_NON_LITERAL_NULL_CONVERSION = YES;
				CLANG_WARN_OBJC_LITERAL_CONVERSION = YES;
				CLANG_WARN_OBJC_ROOT_CLASS = YES_ERROR;
				CLANG_WARN_RANGE_LOOP_ANALYSIS = YES;
				CLANG_WARN_STRICT_PROTOTYPES = YES;
				CLANG_WARN_SUSPICIOUS_MOVE = YES;
				CLANG_WARN_UNGUARDED_AVAILABILITY = YES_AGGRESSIVE;
				CLANG_WARN_UNREACHABLE_CODE = YES;
				CLANG_WARN__DUPLICATE_METHOD_MATCH = YES;
				CODE_SIGN_IDENTITY = "-";
				COPY_PHASE_STRIP = NO;
				DEBUG_INFORMATION_FORMAT = "dwarf-with-dsym";
				ENABLE_NS_ASSERTIONS = NO;
				ENABLE_STRICT_OBJC_MSGSEND = YES;
				GCC_C_LANGUAGE_STANDARD = gnu11;
				GCC_NO_COMMON_BLOCKS = YES;
				GCC_WARN_64_TO_32_BIT_CONVERSION = YES;
				GCC_WARN_ABOUT_RETURN_TYPE = YES_ERROR;
				GCC_WARN_UNDECLARED_SELECTOR = YES;
				GCC_WARN_UNINITIALIZED_AUTOS = YES_AGGRESSIVE;
				GCC_WARN_UNUSED_FUNCTION = YES;
				GCC_WARN_UNUSED_VARIABLE = YES;
				MACOSX_DEPLOYMENT_TARGET = 10.14;
				MTL_ENABLE_DEBUG_INFO = NO;
				SDKROOT = macosx;
			};
			name = Release;
		};
		4D42D4E31FD0733600E57C6F /* Debug */ = {
			isa = XCBuildConfiguration;
			buildSettings = {
				CODE_SIGN_STYLE = Automatic;
				COMBINE_HIDPI_IMAGES = YES;
				CURRENT_PROJECT_VERSION = 1.5.0;
				DEBUG_INFORMATION_FORMAT = "dwarf-with-dsym";
				INFOPLIST_FILE = Info.plist;
				MACOSX_DEPLOYMENT_TARGET = 10.14;
				MODULE_NAME = AmazonENAEthernet;
				MODULE_VERSION = 1.5.0;
				PRODUCT_BUNDLE_IDENTIFIER = com.amazon.driver.AmazonENAEthernet;
				PRODUCT_NAME = "$(TARGET_NAME)";
				WRAPPER_EXTENSION = kext;
			};
			name = Debug;
		};
		4D42D4E41FD0733600E57C6F /* Release */ = {
			isa = XCBuildConfiguration;
			buildSettings = {
				CODE_SIGN_STYLE = Automatic;
				COMBINE_HIDPI_IMAGES = YES;
				CURRENT_PROJECT_VERSION = 1.5.0;
				INFOPLIST_FILE = Info.plist;
				MACOSX_DEPLOYMENT_TARGET = 10.14;
				MODULE_NAME = AmazonENAEthernet;
				MODULE_VERSION = 1.5.0;
				PRODUCT_BUNDLE_IDENTIFIER = com.amazon.driver.AmazonENAEthernet;
				PRODUCT_NAME = "$(TARGET_NAME)";
				WRAPPER_EXTENSION = kext;
			};
			name = Release;
		};
/* End XCBuildConfiguration section */

/* Begin XCConfigurationList section */
		4D42D4D21FD0733600E57C6F /* Build configuration list for PBXProject "AmazonENAEthernet" */ = {
			isa = XCConfigurationList;
			buildConfigurations = (
				4D42D4E01FD0733600E57C6F /* Debug */,
				4D42D4E11FD0733600E57C6F /* Release */,
			);
			defaultConfigurationIsVisible = 0;
			defaultConfigurationName = Release;
		};
		4D42D4E21FD0733600E57C6F /* Build configuration list for PBXNativeTarget "AmazonENAEthernet" */ = {
			isa = XCConfigurationList;
			buildConfigurations = (
				4D42D4E31FD0733600E57C6F /* Debug */,
				4D42D4E41FD0733600E57C6F /* Release */,
			);
			defaultConfigurationIsVisible = 0;
			defaultConfigurationName = Release;
		};
/* End XCConfigurationList section */
	};
	rootObject = 4D42D4CF1FD0733600E57C6F /* Project object */;
}
